// !$*UTF8*$!
{
	archiveVersion = 1;
	classes = {
	};
	objectVersion = 48;
	objects = {

/* Begin PBXBuildFile section */
		353947BA32BBCF608E8A54AA /* Pods_RealmDemo_CRUDTests.framework in Frameworks */ = {isa = PBXBuildFile; fileRef = E3D82A3D4654CF8C8DDA25FD /* Pods_RealmDemo_CRUDTests.framework */; };
		42B9C29B83C16DD2FAE04375 /* Pods_RealmDemo_CRUDUITests.framework in Frameworks */ = {isa = PBXBuildFile; fileRef = F541C9688B3E67C234FC6A98 /* Pods_RealmDemo_CRUDUITests.framework */; };
		DBB105D81FDF719A00DB4BA0 /* AppDelegate.swift in Sources */ = {isa = PBXBuildFile; fileRef = DBB105D71FDF719A00DB4BA0 /* AppDelegate.swift */; };
		DBB105DF1FDF719A00DB4BA0 /* Assets.xcassets in Resources */ = {isa = PBXBuildFile; fileRef = DBB105DE1FDF719A00DB4BA0 /* Assets.xcassets */; };
		DBB105E21FDF719A00DB4BA0 /* LaunchScreen.storyboard in Resources */ = {isa = PBXBuildFile; fileRef = DBB105E01FDF719A00DB4BA0 /* LaunchScreen.storyboard */; };
		DBB105ED1FDF719B00DB4BA0 /* RealmDemo_CRUDTests.swift in Sources */ = {isa = PBXBuildFile; fileRef = DBB105EC1FDF719B00DB4BA0 /* RealmDemo_CRUDTests.swift */; };
		DBB105F81FDF719B00DB4BA0 /* RealmDemo_CRUDUITests.swift in Sources */ = {isa = PBXBuildFile; fileRef = DBB105F71FDF719B00DB4BA0 /* RealmDemo_CRUDUITests.swift */; };
		DBB106061FDF71DF00DB4BA0 /* MainPage.storyboard in Resources */ = {isa = PBXBuildFile; fileRef = DBB106051FDF71DF00DB4BA0 /* MainPage.storyboard */; };
		DBB106081FDF71F300DB4BA0 /* MainPageViewController.swift in Sources */ = {isa = PBXBuildFile; fileRef = DBB106071FDF71F300DB4BA0 /* MainPageViewController.swift */; };
		FFAEE1EA3482E806B4460F7C /* Pods_RealmDemo_CRUD.framework in Frameworks */ = {isa = PBXBuildFile; fileRef = 89F8907DF55965CD793E7EDD /* Pods_RealmDemo_CRUD.framework */; };
/* End PBXBuildFile section */

/* Begin PBXContainerItemProxy section */
		DBB105E91FDF719B00DB4BA0 /* PBXContainerItemProxy */ = {
			isa = PBXContainerItemProxy;
			containerPortal = DBB105CC1FDF719A00DB4BA0 /* Project object */;
			proxyType = 1;
			remoteGlobalIDString = DBB105D31FDF719A00DB4BA0;
			remoteInfo = RealmDemo_CRUD;
		};
		DBB105F41FDF719B00DB4BA0 /* PBXContainerItemProxy */ = {
			isa = PBXContainerItemProxy;
			containerPortal = DBB105CC1FDF719A00DB4BA0 /* Project object */;
			proxyType = 1;
			remoteGlobalIDString = DBB105D31FDF719A00DB4BA0;
			remoteInfo = RealmDemo_CRUD;
		};
/* End PBXContainerItemProxy section */

/* Begin PBXFileReference section */
		08811DD7554947E3ACE93771 /* Pods-RealmDemo_CRUDUITests.debug.xcconfig */ = {isa = PBXFileReference; includeInIndex = 1; lastKnownFileType = text.xcconfig; name = "Pods-RealmDemo_CRUDUITests.debug.xcconfig"; path = "Pods/Target Support Files/Pods-RealmDemo_CRUDUITests/Pods-RealmDemo_CRUDUITests.debug.xcconfig"; sourceTree = "<group>"; };
		2CE30534D79E6C82E117C984 /* Pods-RealmDemo_CRUDUITests.release.xcconfig */ = {isa = PBXFileReference; includeInIndex = 1; lastKnownFileType = text.xcconfig; name = "Pods-RealmDemo_CRUDUITests.release.xcconfig"; path = "Pods/Target Support Files/Pods-RealmDemo_CRUDUITests/Pods-RealmDemo_CRUDUITests.release.xcconfig"; sourceTree = "<group>"; };
		4A0DCC33E46C97E787621FDC /* Pods-RealmDemo_CRUD.debug.xcconfig */ = {isa = PBXFileReference; includeInIndex = 1; lastKnownFileType = text.xcconfig; name = "Pods-RealmDemo_CRUD.debug.xcconfig"; path = "Pods/Target Support Files/Pods-RealmDemo_CRUD/Pods-RealmDemo_CRUD.debug.xcconfig"; sourceTree = "<group>"; };
		57E9F5CB4BFE34D258C20D06 /* Pods-RealmDemo_CRUDTests.release.xcconfig */ = {isa = PBXFileReference; includeInIndex = 1; lastKnownFileType = text.xcconfig; name = "Pods-RealmDemo_CRUDTests.release.xcconfig"; path = "Pods/Target Support Files/Pods-RealmDemo_CRUDTests/Pods-RealmDemo_CRUDTests.release.xcconfig"; sourceTree = "<group>"; };
		7BBA1A3D45BAB5DD86795A8B /* Pods-RealmDemo_CRUD.release.xcconfig */ = {isa = PBXFileReference; includeInIndex = 1; lastKnownFileType = text.xcconfig; name = "Pods-RealmDemo_CRUD.release.xcconfig"; path = "Pods/Target Support Files/Pods-RealmDemo_CRUD/Pods-RealmDemo_CRUD.release.xcconfig"; sourceTree = "<group>"; };
		89F8907DF55965CD793E7EDD /* Pods_RealmDemo_CRUD.framework */ = {isa = PBXFileReference; explicitFileType = wrapper.framework; includeInIndex = 0; path = Pods_RealmDemo_CRUD.framework; sourceTree = BUILT_PRODUCTS_DIR; };
		D908A919C6C7ABD3052AF840 /* Pods-RealmDemo_CRUDTests.debug.xcconfig */ = {isa = PBXFileReference; includeInIndex = 1; lastKnownFileType = text.xcconfig; name = "Pods-RealmDemo_CRUDTests.debug.xcconfig"; path = "Pods/Target Support Files/Pods-RealmDemo_CRUDTests/Pods-RealmDemo_CRUDTests.debug.xcconfig"; sourceTree = "<group>"; };
		DBB105D41FDF719A00DB4BA0 /* RealmDemo_CRUD.app */ = {isa = PBXFileReference; explicitFileType = wrapper.application; includeInIndex = 0; path = RealmDemo_CRUD.app; sourceTree = BUILT_PRODUCTS_DIR; };
		DBB105D71FDF719A00DB4BA0 /* AppDelegate.swift */ = {isa = PBXFileReference; lastKnownFileType = sourcecode.swift; path = AppDelegate.swift; sourceTree = "<group>"; };
		DBB105DE1FDF719A00DB4BA0 /* Assets.xcassets */ = {isa = PBXFileReference; lastKnownFileType = folder.assetcatalog; path = Assets.xcassets; sourceTree = "<group>"; };
		DBB105E11FDF719A00DB4BA0 /* Base */ = {isa = PBXFileReference; lastKnownFileType = file.storyboard; name = Base; path = Base.lproj/LaunchScreen.storyboard; sourceTree = "<group>"; };
		DBB105E31FDF719A00DB4BA0 /* Info.plist */ = {isa = PBXFileReference; lastKnownFileType = text.plist.xml; path = Info.plist; sourceTree = "<group>"; };
		DBB105E81FDF719B00DB4BA0 /* RealmDemo_CRUDTests.xctest */ = {isa = PBXFileReference; explicitFileType = wrapper.cfbundle; includeInIndex = 0; path = RealmDemo_CRUDTests.xctest; sourceTree = BUILT_PRODUCTS_DIR; };
		DBB105EC1FDF719B00DB4BA0 /* RealmDemo_CRUDTests.swift */ = {isa = PBXFileReference; lastKnownFileType = sourcecode.swift; path = RealmDemo_CRUDTests.swift; sourceTree = "<group>"; };
		DBB105EE1FDF719B00DB4BA0 /* Info.plist */ = {isa = PBXFileReference; lastKnownFileType = text.plist.xml; path = Info.plist; sourceTree = "<group>"; };
		DBB105F31FDF719B00DB4BA0 /* RealmDemo_CRUDUITests.xctest */ = {isa = PBXFileReference; explicitFileType = wrapper.cfbundle; includeInIndex = 0; path = RealmDemo_CRUDUITests.xctest; sourceTree = BUILT_PRODUCTS_DIR; };
		DBB105F71FDF719B00DB4BA0 /* RealmDemo_CRUDUITests.swift */ = {isa = PBXFileReference; lastKnownFileType = sourcecode.swift; path = RealmDemo_CRUDUITests.swift; sourceTree = "<group>"; };
		DBB105F91FDF719B00DB4BA0 /* Info.plist */ = {isa = PBXFileReference; lastKnownFileType = text.plist.xml; path = Info.plist; sourceTree = "<group>"; };
		DBB106051FDF71DF00DB4BA0 /* MainPage.storyboard */ = {isa = PBXFileReference; lastKnownFileType = file.storyboard; path = MainPage.storyboard; sourceTree = "<group>"; };
		DBB106071FDF71F300DB4BA0 /* MainPageViewController.swift */ = {isa = PBXFileReference; lastKnownFileType = sourcecode.swift; path = MainPageViewController.swift; sourceTree = "<group>"; };
		E3D82A3D4654CF8C8DDA25FD /* Pods_RealmDemo_CRUDTests.framework */ = {isa = PBXFileReference; explicitFileType = wrapper.framework; includeInIndex = 0; path = Pods_RealmDemo_CRUDTests.framework; sourceTree = BUILT_PRODUCTS_DIR; };
		F541C9688B3E67C234FC6A98 /* Pods_RealmDemo_CRUDUITests.framework */ = {isa = PBXFileReference; explicitFileType = wrapper.framework; includeInIndex = 0; path = Pods_RealmDemo_CRUDUITests.framework; sourceTree = BUILT_PRODUCTS_DIR; };
/* End PBXFileReference section */

/* Begin PBXFrameworksBuildPhase section */
		DBB105D11FDF719A00DB4BA0 /* Frameworks */ = {
			isa = PBXFrameworksBuildPhase;
			buildActionMask = 2147483647;
			files = (
				FFAEE1EA3482E806B4460F7C /* Pods_RealmDemo_CRUD.framework in Frameworks */,
			);
			runOnlyForDeploymentPostprocessing = 0;
		};
		DBB105E51FDF719B00DB4BA0 /* Frameworks */ = {
			isa = PBXFrameworksBuildPhase;
			buildActionMask = 2147483647;
			files = (
				353947BA32BBCF608E8A54AA /* Pods_RealmDemo_CRUDTests.framework in Frameworks */,
			);
			runOnlyForDeploymentPostprocessing = 0;
		};
		DBB105F01FDF719B00DB4BA0 /* Frameworks */ = {
			isa = PBXFrameworksBuildPhase;
			buildActionMask = 2147483647;
			files = (
				42B9C29B83C16DD2FAE04375 /* Pods_RealmDemo_CRUDUITests.framework in Frameworks */,
			);
			runOnlyForDeploymentPostprocessing = 0;
		};
/* End PBXFrameworksBuildPhase section */

/* Begin PBXGroup section */
		4FA9F47D804C95745B0E717E /* Pods */ = {
			isa = PBXGroup;
			children = (
				4A0DCC33E46C97E787621FDC /* Pods-RealmDemo_CRUD.debug.xcconfig */,
				7BBA1A3D45BAB5DD86795A8B /* Pods-RealmDemo_CRUD.release.xcconfig */,
				D908A919C6C7ABD3052AF840 /* Pods-RealmDemo_CRUDTests.debug.xcconfig */,
				57E9F5CB4BFE34D258C20D06 /* Pods-RealmDemo_CRUDTests.release.xcconfig */,
				08811DD7554947E3ACE93771 /* Pods-RealmDemo_CRUDUITests.debug.xcconfig */,
				2CE30534D79E6C82E117C984 /* Pods-RealmDemo_CRUDUITests.release.xcconfig */,
			);
			name = Pods;
			sourceTree = "<group>";
		};
		9219D943816AB30FAD107D8E /* Frameworks */ = {
			isa = PBXGroup;
			children = (
				89F8907DF55965CD793E7EDD /* Pods_RealmDemo_CRUD.framework */,
				E3D82A3D4654CF8C8DDA25FD /* Pods_RealmDemo_CRUDTests.framework */,
				F541C9688B3E67C234FC6A98 /* Pods_RealmDemo_CRUDUITests.framework */,
			);
			name = Frameworks;
			sourceTree = "<group>";
		};
		DBB105CB1FDF719A00DB4BA0 = {
			isa = PBXGroup;
			children = (
				DBB105D61FDF719A00DB4BA0 /* RealmDemo_CRUD */,
				DBB105EB1FDF719B00DB4BA0 /* RealmDemo_CRUDTests */,
				DBB105F61FDF719B00DB4BA0 /* RealmDemo_CRUDUITests */,
				DBB105D51FDF719A00DB4BA0 /* Products */,
				4FA9F47D804C95745B0E717E /* Pods */,
				9219D943816AB30FAD107D8E /* Frameworks */,
			);
			sourceTree = "<group>";
		};
		DBB105D51FDF719A00DB4BA0 /* Products */ = {
			isa = PBXGroup;
			children = (
				DBB105D41FDF719A00DB4BA0 /* RealmDemo_CRUD.app */,
				DBB105E81FDF719B00DB4BA0 /* RealmDemo_CRUDTests.xctest */,
				DBB105F31FDF719B00DB4BA0 /* RealmDemo_CRUDUITests.xctest */,
			);
			name = Products;
			sourceTree = "<group>";
		};
		DBB105D61FDF719A00DB4BA0 /* RealmDemo_CRUD */ = {
			isa = PBXGroup;
			children = (
				DBB105D71FDF719A00DB4BA0 /* AppDelegate.swift */,
				DBB106071FDF71F300DB4BA0 /* MainPageViewController.swift */,
				DBB106051FDF71DF00DB4BA0 /* MainPage.storyboard */,
				DBB105DE1FDF719A00DB4BA0 /* Assets.xcassets */,
				DBB105E01FDF719A00DB4BA0 /* LaunchScreen.storyboard */,
				DBB105E31FDF719A00DB4BA0 /* Info.plist */,
			);
			path = RealmDemo_CRUD;
			sourceTree = "<group>";
		};
		DBB105EB1FDF719B00DB4BA0 /* RealmDemo_CRUDTests */ = {
			isa = PBXGroup;
			children = (
				DBB105EC1FDF719B00DB4BA0 /* RealmDemo_CRUDTests.swift */,
				DBB105EE1FDF719B00DB4BA0 /* Info.plist */,
			);
			path = RealmDemo_CRUDTests;
			sourceTree = "<group>";
		};
		DBB105F61FDF719B00DB4BA0 /* RealmDemo_CRUDUITests */ = {
			isa = PBXGroup;
			children = (
				DBB105F71FDF719B00DB4BA0 /* RealmDemo_CRUDUITests.swift */,
				DBB105F91FDF719B00DB4BA0 /* Info.plist */,
			);
			path = RealmDemo_CRUDUITests;
			sourceTree = "<group>";
		};
/* End PBXGroup section */

/* Begin PBXNativeTarget section */
		DBB105D31FDF719A00DB4BA0 /* RealmDemo_CRUD */ = {
			isa = PBXNativeTarget;
			buildConfigurationList = DBB105FC1FDF719B00DB4BA0 /* Build configuration list for PBXNativeTarget "RealmDemo_CRUD" */;
			buildPhases = (
				FC8136C78AA90E20B66F8FEB /* [CP] Check Pods Manifest.lock */,
				DBB105D01FDF719A00DB4BA0 /* Sources */,
				DBB105D11FDF719A00DB4BA0 /* Frameworks */,
				DBB105D21FDF719A00DB4BA0 /* Resources */,
				3DDE4FB8C187C2F9BD6FE6FF /* [CP] Embed Pods Frameworks */,
				9B84585E02A071EC670EC448 /* [CP] Copy Pods Resources */,
				DB1825151FDF7494004B3364 /* Swiftlint */,
			);
			buildRules = (
			);
			dependencies = (
			);
			name = RealmDemo_CRUD;
			productName = RealmDemo_CRUD;
			productReference = DBB105D41FDF719A00DB4BA0 /* RealmDemo_CRUD.app */;
			productType = "com.apple.product-type.application";
		};
		DBB105E71FDF719B00DB4BA0 /* RealmDemo_CRUDTests */ = {
			isa = PBXNativeTarget;
			buildConfigurationList = DBB105FF1FDF719B00DB4BA0 /* Build configuration list for PBXNativeTarget "RealmDemo_CRUDTests" */;
			buildPhases = (
				27FF1B520AD6676A934C1A20 /* [CP] Check Pods Manifest.lock */,
				DBB105E41FDF719B00DB4BA0 /* Sources */,
				DBB105E51FDF719B00DB4BA0 /* Frameworks */,
				DBB105E61FDF719B00DB4BA0 /* Resources */,
				A964C595D9F68845C8AEF53E /* [CP] Embed Pods Frameworks */,
				C412D447DDC328CA8CD3D1AC /* [CP] Copy Pods Resources */,
			);
			buildRules = (
			);
			dependencies = (
				DBB105EA1FDF719B00DB4BA0 /* PBXTargetDependency */,
			);
			name = RealmDemo_CRUDTests;
			productName = RealmDemo_CRUDTests;
			productReference = DBB105E81FDF719B00DB4BA0 /* RealmDemo_CRUDTests.xctest */;
			productType = "com.apple.product-type.bundle.unit-test";
		};
		DBB105F21FDF719B00DB4BA0 /* RealmDemo_CRUDUITests */ = {
			isa = PBXNativeTarget;
			buildConfigurationList = DBB106021FDF719B00DB4BA0 /* Build configuration list for PBXNativeTarget "RealmDemo_CRUDUITests" */;
			buildPhases = (
				22587EE4AA0E1EC726300950 /* [CP] Check Pods Manifest.lock */,
				DBB105EF1FDF719B00DB4BA0 /* Sources */,
				DBB105F01FDF719B00DB4BA0 /* Frameworks */,
				DBB105F11FDF719B00DB4BA0 /* Resources */,
				778495838BB3313724EA9276 /* [CP] Embed Pods Frameworks */,
				C38665DFF5F29BF311D6998B /* [CP] Copy Pods Resources */,
			);
			buildRules = (
			);
			dependencies = (
				DBB105F51FDF719B00DB4BA0 /* PBXTargetDependency */,
			);
			name = RealmDemo_CRUDUITests;
			productName = RealmDemo_CRUDUITests;
			productReference = DBB105F31FDF719B00DB4BA0 /* RealmDemo_CRUDUITests.xctest */;
			productType = "com.apple.product-type.bundle.ui-testing";
		};
/* End PBXNativeTarget section */

/* Begin PBXProject section */
		DBB105CC1FDF719A00DB4BA0 /* Project object */ = {
			isa = PBXProject;
			attributes = {
				LastSwiftUpdateCheck = 0920;
				LastUpgradeCheck = 0920;
				ORGANIZATIONNAME = leo.chou;
				TargetAttributes = {
					DBB105D31FDF719A00DB4BA0 = {
						CreatedOnToolsVersion = 9.2;
						ProvisioningStyle = Automatic;
					};
					DBB105E71FDF719B00DB4BA0 = {
						CreatedOnToolsVersion = 9.2;
						ProvisioningStyle = Automatic;
						TestTargetID = DBB105D31FDF719A00DB4BA0;
					};
					DBB105F21FDF719B00DB4BA0 = {
						CreatedOnToolsVersion = 9.2;
						ProvisioningStyle = Automatic;
						TestTargetID = DBB105D31FDF719A00DB4BA0;
					};
				};
			};
			buildConfigurationList = DBB105CF1FDF719A00DB4BA0 /* Build configuration list for PBXProject "RealmDemo_CRUD" */;
			compatibilityVersion = "Xcode 8.0";
			developmentRegion = en;
			hasScannedForEncodings = 0;
			knownRegions = (
				en,
				Base,
			);
			mainGroup = DBB105CB1FDF719A00DB4BA0;
			productRefGroup = DBB105D51FDF719A00DB4BA0 /* Products */;
			projectDirPath = "";
			projectRoot = "";
			targets = (
				DBB105D31FDF719A00DB4BA0 /* RealmDemo_CRUD */,
				DBB105E71FDF719B00DB4BA0 /* RealmDemo_CRUDTests */,
				DBB105F21FDF719B00DB4BA0 /* RealmDemo_CRUDUITests */,
			);
		};
/* End PBXProject section */

/* Begin PBXResourcesBuildPhase section */
		DBB105D21FDF719A00DB4BA0 /* Resources */ = {
			isa = PBXResourcesBuildPhase;
			buildActionMask = 2147483647;
			files = (
				DBB106061FDF71DF00DB4BA0 /* MainPage.storyboard in Resources */,
				DBB105E21FDF719A00DB4BA0 /* LaunchScreen.storyboard in Resources */,
				DBB105DF1FDF719A00DB4BA0 /* Assets.xcassets in Resources */,
			);
			runOnlyForDeploymentPostprocessing = 0;
		};
		DBB105E61FDF719B00DB4BA0 /* Resources */ = {
			isa = PBXResourcesBuildPhase;
			buildActionMask = 2147483647;
			files = (
			);
			runOnlyForDeploymentPostprocessing = 0;
		};
		DBB105F11FDF719B00DB4BA0 /* Resources */ = {
			isa = PBXResourcesBuildPhase;
			buildActionMask = 2147483647;
			files = (
			);
			runOnlyForDeploymentPostprocessing = 0;
		};
/* End PBXResourcesBuildPhase section */

/* Begin PBXShellScriptBuildPhase section */
		22587EE4AA0E1EC726300950 /* [CP] Check Pods Manifest.lock */ = {
			isa = PBXShellScriptBuildPhase;
			buildActionMask = 2147483647;
			files = (
			);
			inputPaths = (
				"${PODS_PODFILE_DIR_PATH}/Podfile.lock",
				"${PODS_ROOT}/Manifest.lock",
			);
			name = "[CP] Check Pods Manifest.lock";
			outputPaths = (
				"$(DERIVED_FILE_DIR)/Pods-RealmDemo_CRUDUITests-checkManifestLockResult.txt",
			);
			runOnlyForDeploymentPostprocessing = 0;
			shellPath = /bin/sh;
			shellScript = "diff \"${PODS_PODFILE_DIR_PATH}/Podfile.lock\" \"${PODS_ROOT}/Manifest.lock\" > /dev/null\nif [ $? != 0 ] ; then\n    # print error to STDERR\n    echo \"error: The sandbox is not in sync with the Podfile.lock. Run 'pod install' or update your CocoaPods installation.\" >&2\n    exit 1\nfi\n# This output is used by Xcode 'outputs' to avoid re-running this script phase.\necho \"SUCCESS\" > \"${SCRIPT_OUTPUT_FILE_0}\"\n";
			showEnvVarsInLog = 0;
		};
		27FF1B520AD6676A934C1A20 /* [CP] Check Pods Manifest.lock */ = {
			isa = PBXShellScriptBuildPhase;
			buildActionMask = 2147483647;
			files = (
			);
			inputPaths = (
				"${PODS_PODFILE_DIR_PATH}/Podfile.lock",
				"${PODS_ROOT}/Manifest.lock",
			);
			name = "[CP] Check Pods Manifest.lock";
			outputPaths = (
				"$(DERIVED_FILE_DIR)/Pods-RealmDemo_CRUDTests-checkManifestLockResult.txt",
			);
			runOnlyForDeploymentPostprocessing = 0;
			shellPath = /bin/sh;
			shellScript = "diff \"${PODS_PODFILE_DIR_PATH}/Podfile.lock\" \"${PODS_ROOT}/Manifest.lock\" > /dev/null\nif [ $? != 0 ] ; then\n    # print error to STDERR\n    echo \"error: The sandbox is not in sync with the Podfile.lock. Run 'pod install' or update your CocoaPods installation.\" >&2\n    exit 1\nfi\n# This output is used by Xcode 'outputs' to avoid re-running this script phase.\necho \"SUCCESS\" > \"${SCRIPT_OUTPUT_FILE_0}\"\n";
			showEnvVarsInLog = 0;
		};
		3DDE4FB8C187C2F9BD6FE6FF /* [CP] Embed Pods Frameworks */ = {
			isa = PBXShellScriptBuildPhase;
			buildActionMask = 2147483647;
			files = (
			);
			inputPaths = (
			);
			name = "[CP] Embed Pods Frameworks";
			outputPaths = (
			);
			runOnlyForDeploymentPostprocessing = 0;
			shellPath = /bin/sh;
			shellScript = "\"${SRCROOT}/Pods/Target Support Files/Pods-RealmDemo_CRUD/Pods-RealmDemo_CRUD-frameworks.sh\"\n";
			showEnvVarsInLog = 0;
		};
		778495838BB3313724EA9276 /* [CP] Embed Pods Frameworks */ = {
			isa = PBXShellScriptBuildPhase;
			buildActionMask = 2147483647;
			files = (
			);
			inputPaths = (
			);
			name = "[CP] Embed Pods Frameworks";
			outputPaths = (
			);
			runOnlyForDeploymentPostprocessing = 0;
			shellPath = /bin/sh;
			shellScript = "\"${SRCROOT}/Pods/Target Support Files/Pods-RealmDemo_CRUDUITests/Pods-RealmDemo_CRUDUITests-frameworks.sh\"\n";
			showEnvVarsInLog = 0;
		};
		9B84585E02A071EC670EC448 /* [CP] Copy Pods Resources */ = {
			isa = PBXShellScriptBuildPhase;
			buildActionMask = 2147483647;
			files = (
			);
			inputPaths = (
			);
			name = "[CP] Copy Pods Resources";
			outputPaths = (
			);
			runOnlyForDeploymentPostprocessing = 0;
			shellPath = /bin/sh;
			shellScript = "\"${SRCROOT}/Pods/Target Support Files/Pods-RealmDemo_CRUD/Pods-RealmDemo_CRUD-resources.sh\"\n";
			showEnvVarsInLog = 0;
		};
		A964C595D9F68845C8AEF53E /* [CP] Embed Pods Frameworks */ = {
			isa = PBXShellScriptBuildPhase;
			buildActionMask = 2147483647;
			files = (
			);
			inputPaths = (
			);
			name = "[CP] Embed Pods Frameworks";
			outputPaths = (
			);
			runOnlyForDeploymentPostprocessing = 0;
			shellPath = /bin/sh;
			shellScript = "\"${SRCROOT}/Pods/Target Support Files/Pods-RealmDemo_CRUDTests/Pods-RealmDemo_CRUDTests-frameworks.sh\"\n";
			showEnvVarsInLog = 0;
		};
		C38665DFF5F29BF311D6998B /* [CP] Copy Pods Resources */ = {
			isa = PBXShellScriptBuildPhase;
			buildActionMask = 2147483647;
			files = (
			);
			inputPaths = (
			);
			name = "[CP] Copy Pods Resources";
			outputPaths = (
			);
			runOnlyForDeploymentPostprocessing = 0;
			shellPath = /bin/sh;
			shellScript = "\"${SRCROOT}/Pods/Target Support Files/Pods-RealmDemo_CRUDUITests/Pods-RealmDemo_CRUDUITests-resources.sh\"\n";
			showEnvVarsInLog = 0;
		};
		C412D447DDC328CA8CD3D1AC /* [CP] Copy Pods Resources */ = {
			isa = PBXShellScriptBuildPhase;
			buildActionMask = 2147483647;
			files = (
			);
			inputPaths = (
			);
			name = "[CP] Copy Pods Resources";
			outputPaths = (
			);
			runOnlyForDeploymentPostprocessing = 0;
			shellPath = /bin/sh;
			shellScript = "\"${SRCROOT}/Pods/Target Support Files/Pods-RealmDemo_CRUDTests/Pods-RealmDemo_CRUDTests-resources.sh\"\n";
			showEnvVarsInLog = 0;
		};
		DB1825151FDF7494004B3364 /* Swiftlint */ = {
			isa = PBXShellScriptBuildPhase;
			buildActionMask = 2147483647;
			files = (
			);
			inputPaths = (
			);
			name = Swiftlint;
			outputPaths = (
			);
			runOnlyForDeploymentPostprocessing = 0;
			shellPath = /bin/sh;
			shellScript = "if which swiftlint >/dev/null; then\nswiftlint\nelse\necho \"warning: SwiftLint not installed, download from https://github.com/realm/SwiftLint\"\nfi";
		};
		FC8136C78AA90E20B66F8FEB /* [CP] Check Pods Manifest.lock */ = {
			isa = PBXShellScriptBuildPhase;
			buildActionMask = 2147483647;
			files = (
			);
			inputPaths = (
				"${PODS_PODFILE_DIR_PATH}/Podfile.lock",
				"${PODS_ROOT}/Manifest.lock",
			);
			name = "[CP] Check Pods Manifest.lock";
			outputPaths = (
				"$(DERIVED_FILE_DIR)/Pods-RealmDemo_CRUD-checkManifestLockResult.txt",
			);
			runOnlyForDeploymentPostprocessing = 0;
			shellPath = /bin/sh;
			shellScript = "diff \"${PODS_PODFILE_DIR_PATH}/Podfile.lock\" \"${PODS_ROOT}/Manifest.lock\" > /dev/null\nif [ $? != 0 ] ; then\n    # print error to STDERR\n    echo \"error: The sandbox is not in sync with the Podfile.lock. Run 'pod install' or update your CocoaPods installation.\" >&2\n    exit 1\nfi\n# This output is used by Xcode 'outputs' to avoid re-running this script phase.\necho \"SUCCESS\" > \"${SCRIPT_OUTPUT_FILE_0}\"\n";
			showEnvVarsInLog = 0;
		};
/* End PBXShellScriptBuildPhase section */

/* Begin PBXSourcesBuildPhase section */
		DBB105D01FDF719A00DB4BA0 /* Sources */ = {
			isa = PBXSourcesBuildPhase;
			buildActionMask = 2147483647;
			files = (
				DBB106081FDF71F300DB4BA0 /* MainPageViewController.swift in Sources */,
				DBB105D81FDF719A00DB4BA0 /* AppDelegate.swift in Sources */,
			);
			runOnlyForDeploymentPostprocessing = 0;
		};
		DBB105E41FDF719B00DB4BA0 /* Sources */ = {
			isa = PBXSourcesBuildPhase;
			buildActionMask = 2147483647;
			files = (
				DBB105ED1FDF719B00DB4BA0 /* RealmDemo_CRUDTests.swift in Sources */,
			);
			runOnlyForDeploymentPostprocessing = 0;
		};
		DBB105EF1FDF719B00DB4BA0 /* Sources */ = {
			isa = PBXSourcesBuildPhase;
			buildActionMask = 2147483647;
			files = (
				DBB105F81FDF719B00DB4BA0 /* RealmDemo_CRUDUITests.swift in Sources */,
			);
			runOnlyForDeploymentPostprocessing = 0;
		};
/* End PBXSourcesBuildPhase section */

/* Begin PBXTargetDependency section */
		DBB105EA1FDF719B00DB4BA0 /* PBXTargetDependency */ = {
			isa = PBXTargetDependency;
			target = DBB105D31FDF719A00DB4BA0 /* RealmDemo_CRUD */;
			targetProxy = DBB105E91FDF719B00DB4BA0 /* PBXContainerItemProxy */;
		};
		DBB105F51FDF719B00DB4BA0 /* PBXTargetDependency */ = {
			isa = PBXTargetDependency;
			target = DBB105D31FDF719A00DB4BA0 /* RealmDemo_CRUD */;
			targetProxy = DBB105F41FDF719B00DB4BA0 /* PBXContainerItemProxy */;
		};
/* End PBXTargetDependency section */

/* Begin PBXVariantGroup section */
		DBB105E01FDF719A00DB4BA0 /* LaunchScreen.storyboard */ = {
			isa = PBXVariantGroup;
			children = (
				DBB105E11FDF719A00DB4BA0 /* Base */,
			);
			name = LaunchScreen.storyboard;
			sourceTree = "<group>";
		};
/* End PBXVariantGroup section */

/* Begin XCBuildConfiguration section */
		DBB105FA1FDF719B00DB4BA0 /* Debug */ = {
			isa = XCBuildConfiguration;
			buildSettings = {
				ALWAYS_SEARCH_USER_PATHS = NO;
				CLANG_ANALYZER_NONNULL = YES;
				CLANG_ANALYZER_NUMBER_OBJECT_CONVERSION = YES_AGGRESSIVE;
				CLANG_CXX_LANGUAGE_STANDARD = "gnu++14";
				CLANG_CXX_LIBRARY = "libc++";
				CLANG_ENABLE_MODULES = YES;
				CLANG_ENABLE_OBJC_ARC = YES;
				CLANG_WARN_BLOCK_CAPTURE_AUTORELEASING = YES;
				CLANG_WARN_BOOL_CONVERSION = YES;
				CLANG_WARN_COMMA = YES;
				CLANG_WARN_CONSTANT_CONVERSION = YES;
				CLANG_WARN_DIRECT_OBJC_ISA_USAGE = YES_ERROR;
				CLANG_WARN_DOCUMENTATION_COMMENTS = YES;
				CLANG_WARN_EMPTY_BODY = YES;
				CLANG_WARN_ENUM_CONVERSION = YES;
				CLANG_WARN_INFINITE_RECURSION = YES;
				CLANG_WARN_INT_CONVERSION = YES;
				CLANG_WARN_NON_LITERAL_NULL_CONVERSION = YES;
				CLANG_WARN_OBJC_LITERAL_CONVERSION = YES;
				CLANG_WARN_OBJC_ROOT_CLASS = YES_ERROR;
				CLANG_WARN_RANGE_LOOP_ANALYSIS = YES;
				CLANG_WARN_STRICT_PROTOTYPES = YES;
				CLANG_WARN_SUSPICIOUS_MOVE = YES;
				CLANG_WARN_UNGUARDED_AVAILABILITY = YES_AGGRESSIVE;
				CLANG_WARN_UNREACHABLE_CODE = YES;
				CLANG_WARN__DUPLICATE_METHOD_MATCH = YES;
				CODE_SIGN_IDENTITY = "iPhone Developer";
				COPY_PHASE_STRIP = NO;
				DEBUG_INFORMATION_FORMAT = dwarf;
				ENABLE_STRICT_OBJC_MSGSEND = YES;
				ENABLE_TESTABILITY = YES;
				GCC_C_LANGUAGE_STANDARD = gnu11;
				GCC_DYNAMIC_NO_PIC = NO;
				GCC_NO_COMMON_BLOCKS = YES;
				GCC_OPTIMIZATION_LEVEL = 0;
				GCC_PREPROCESSOR_DEFINITIONS = (
					"DEBUG=1",
					"$(inherited)",
				);
				GCC_WARN_64_TO_32_BIT_CONVERSION = YES;
				GCC_WARN_ABOUT_RETURN_TYPE = YES_ERROR;
				GCC_WARN_UNDECLARED_SELECTOR = YES;
				GCC_WARN_UNINITIALIZED_AUTOS = YES_AGGRESSIVE;
				GCC_WARN_UNUSED_FUNCTION = YES;
				GCC_WARN_UNUSED_VARIABLE = YES;
				IPHONEOS_DEPLOYMENT_TARGET = 11.2;
				MTL_ENABLE_DEBUG_INFO = YES;
				ONLY_ACTIVE_ARCH = YES;
				SDKROOT = iphoneos;
				SWIFT_ACTIVE_COMPILATION_CONDITIONS = DEBUG;
				SWIFT_OPTIMIZATION_LEVEL = "-Onone";
			};
			name = Debug;
		};
		DBB105FB1FDF719B00DB4BA0 /* Release */ = {
			isa = XCBuildConfiguration;
			buildSettings = {
				ALWAYS_SEARCH_USER_PATHS = NO;
				CLANG_ANALYZER_NONNULL = YES;
				CLANG_ANALYZER_NUMBER_OBJECT_CONVERSION = YES_AGGRESSIVE;
				CLANG_CXX_LANGUAGE_STANDARD = "gnu++14";
				CLANG_CXX_LIBRARY = "libc++";
				CLANG_ENABLE_MODULES = YES;
				CLANG_ENABLE_OBJC_ARC = YES;
				CLANG_WARN_BLOCK_CAPTURE_AUTORELEASING = YES;
				CLANG_WARN_BOOL_CONVERSION = YES;
				CLANG_WARN_COMMA = YES;
				CLANG_WARN_CONSTANT_CONVERSION = YES;
				CLANG_WARN_DIRECT_OBJC_ISA_USAGE = YES_ERROR;
				CLANG_WARN_DOCUMENTATION_COMMENTS = YES;
				CLANG_WARN_EMPTY_BODY = YES;
				CLANG_WARN_ENUM_CONVERSION = YES;
				CLANG_WARN_INFINITE_RECURSION = YES;
				CLANG_WARN_INT_CONVERSION = YES;
				CLANG_WARN_NON_LITERAL_NULL_CONVERSION = YES;
				CLANG_WARN_OBJC_LITERAL_CONVERSION = YES;
				CLANG_WARN_OBJC_ROOT_CLASS = YES_ERROR;
				CLANG_WARN_RANGE_LOOP_ANALYSIS = YES;
				CLANG_WARN_STRICT_PROTOTYPES = YES;
				CLANG_WARN_SUSPICIOUS_MOVE = YES;
				CLANG_WARN_UNGUARDED_AVAILABILITY = YES_AGGRESSIVE;
				CLANG_WARN_UNREACHABLE_CODE = YES;
				CLANG_WARN__DUPLICATE_METHOD_MATCH = YES;
				CODE_SIGN_IDENTITY = "iPhone Developer";
				COPY_PHASE_STRIP = NO;
				DEBUG_INFORMATION_FORMAT = "dwarf-with-dsym";
				ENABLE_NS_ASSERTIONS = NO;
				ENABLE_STRICT_OBJC_MSGSEND = YES;
				GCC_C_LANGUAGE_STANDARD = gnu11;
				GCC_NO_COMMON_BLOCKS = YES;
				GCC_WARN_64_TO_32_BIT_CONVERSION = YES;
				GCC_WARN_ABOUT_RETURN_TYPE = YES_ERROR;
				GCC_WARN_UNDECLARED_SELECTOR = YES;
				GCC_WARN_UNINITIALIZED_AUTOS = YES_AGGRESSIVE;
				GCC_WARN_UNUSED_FUNCTION = YES;
				GCC_WARN_UNUSED_VARIABLE = YES;
				IPHONEOS_DEPLOYMENT_TARGET = 11.2;
				MTL_ENABLE_DEBUG_INFO = NO;
				SDKROOT = iphoneos;
				SWIFT_OPTIMIZATION_LEVEL = "-Owholemodule";
				VALIDATE_PRODUCT = YES;
			};
			name = Release;
		};
		DBB105FD1FDF719B00DB4BA0 /* Debug */ = {
			isa = XCBuildConfiguration;
			baseConfigurationReference = 4A0DCC33E46C97E787621FDC /* Pods-RealmDemo_CRUD.debug.xcconfig */;
			buildSettings = {
				ASSETCATALOG_COMPILER_APPICON_NAME = AppIcon;
				CODE_SIGN_STYLE = Automatic;
				DEVELOPMENT_TEAM = 4AK8V532AW;
				INFOPLIST_FILE = RealmDemo_CRUD/Info.plist;
				LD_RUNPATH_SEARCH_PATHS = "$(inherited) @executable_path/Frameworks";
				PRODUCT_BUNDLE_IDENTIFIER = "com.fuhu.RealmDemo-CRUD";
				PRODUCT_NAME = "$(TARGET_NAME)";
				SWIFT_VERSION = 4.0;
				TARGETED_DEVICE_FAMILY = "1,2";
			};
			name = Debug;
		};
		DBB105FE1FDF719B00DB4BA0 /* Release */ = {
			isa = XCBuildConfiguration;
			baseConfigurationReference = 7BBA1A3D45BAB5DD86795A8B /* Pods-RealmDemo_CRUD.release.xcconfig */;
			buildSettings = {
				ASSETCATALOG_COMPILER_APPICON_NAME = AppIcon;
				CODE_SIGN_STYLE = Automatic;
				DEVELOPMENT_TEAM = 4AK8V532AW;
				INFOPLIST_FILE = RealmDemo_CRUD/Info.plist;
				LD_RUNPATH_SEARCH_PATHS = "$(inherited) @executable_path/Frameworks";
				PRODUCT_BUNDLE_IDENTIFIER = "com.fuhu.RealmDemo-CRUD";
				PRODUCT_NAME = "$(TARGET_NAME)";
				SWIFT_VERSION = 4.0;
				TARGETED_DEVICE_FAMILY = "1,2";
			};
			name = Release;
		};
		DBB106001FDF719B00DB4BA0 /* Debug */ = {
			isa = XCBuildConfiguration;
			baseConfigurationReference = D908A919C6C7ABD3052AF840 /* Pods-RealmDemo_CRUDTests.debug.xcconfig */;
			buildSettings = {
				ALWAYS_EMBED_SWIFT_STANDARD_LIBRARIES = YES;
				BUNDLE_LOADER = "$(TEST_HOST)";
				CODE_SIGN_STYLE = Automatic;
				DEVELOPMENT_TEAM = 4AK8V532AW;
				INFOPLIST_FILE = RealmDemo_CRUDTests/Info.plist;
				LD_RUNPATH_SEARCH_PATHS = "$(inherited) @executable_path/Frameworks @loader_path/Frameworks";
				PRODUCT_BUNDLE_IDENTIFIER = "com.fuhu.RealmDemo-CRUDTests";
				PRODUCT_NAME = "$(TARGET_NAME)";
				SWIFT_VERSION = 4.0;
				TARGETED_DEVICE_FAMILY = "1,2";
				TEST_HOST = "$(BUILT_PRODUCTS_DIR)/RealmDemo_CRUD.app/RealmDemo_CRUD";
			};
			name = Debug;
		};
		DBB106011FDF719B00DB4BA0 /* Release */ = {
			isa = XCBuildConfiguration;
			baseConfigurationReference = 57E9F5CB4BFE34D258C20D06 /* Pods-RealmDemo_CRUDTests.release.xcconfig */;
			buildSettings = {
				ALWAYS_EMBED_SWIFT_STANDARD_LIBRARIES = YES;
				BUNDLE_LOADER = "$(TEST_HOST)";
				CODE_SIGN_STYLE = Automatic;
				DEVELOPMENT_TEAM = 4AK8V532AW;
				INFOPLIST_FILE = RealmDemo_CRUDTests/Info.plist;
				LD_RUNPATH_SEARCH_PATHS = "$(inherited) @executable_path/Frameworks @loader_path/Frameworks";
				PRODUCT_BUNDLE_IDENTIFIER = "com.fuhu.RealmDemo-CRUDTests";
				PRODUCT_NAME = "$(TARGET_NAME)";
				SWIFT_VERSION = 4.0;
				TARGETED_DEVICE_FAMILY = "1,2";
				TEST_HOST = "$(BUILT_PRODUCTS_DIR)/RealmDemo_CRUD.app/RealmDemo_CRUD";
			};
			name = Release;
		};
		DBB106031FDF719B00DB4BA0 /* Debug */ = {
			isa = XCBuildConfiguration;
			baseConfigurationReference = 08811DD7554947E3ACE93771 /* Pods-RealmDemo_CRUDUITests.debug.xcconfig */;
			buildSettings = {
				ALWAYS_EMBED_SWIFT_STANDARD_LIBRARIES = YES;
				CODE_SIGN_STYLE = Automatic;
				DEVELOPMENT_TEAM = 4AK8V532AW;
				INFOPLIST_FILE = RealmDemo_CRUDUITests/Info.plist;
				LD_RUNPATH_SEARCH_PATHS = "$(inherited) @executable_path/Frameworks @loader_path/Frameworks";
				PRODUCT_BUNDLE_IDENTIFIER = "com.fuhu.RealmDemo-CRUDUITests";
				PRODUCT_NAME = "$(TARGET_NAME)";
				SWIFT_VERSION = 4.0;
				TARGETED_DEVICE_FAMILY = "1,2";
				TEST_TARGET_NAME = RealmDemo_CRUD;
			};
			name = Debug;
		};
		DBB106041FDF719B00DB4BA0 /* Release */ = {
			isa = XCBuildConfiguration;
			baseConfigurationReference = 2CE30534D79E6C82E117C984 /* Pods-RealmDemo_CRUDUITests.release.xcconfig */;
			buildSettings = {
				ALWAYS_EMBED_SWIFT_STANDARD_LIBRARIES = YES;
				CODE_SIGN_STYLE = Automatic;
				DEVELOPMENT_TEAM = 4AK8V532AW;
				INFOPLIST_FILE = RealmDemo_CRUDUITests/Info.plist;
				LD_RUNPATH_SEARCH_PATHS = "$(inherited) @executable_path/Frameworks @loader_path/Frameworks";
				PRODUCT_BUNDLE_IDENTIFIER = "com.fuhu.RealmDemo-CRUDUITests";
				PRODUCT_NAME = "$(TARGET_NAME)";
				SWIFT_VERSION = 4.0;
				TARGETED_DEVICE_FAMILY = "1,2";
				TEST_TARGET_NAME = RealmDemo_CRUD;
			};
			name = Release;
		};
/* End XCBuildConfiguration section */

/* Begin XCConfigurationList section */
		DBB105CF1FDF719A00DB4BA0 /* Build configuration list for PBXProject "RealmDemo_CRUD" */ = {
			isa = XCConfigurationList;
			buildConfigurations = (
				DBB105FA1FDF719B00DB4BA0 /* Debug */,
				DBB105FB1FDF719B00DB4BA0 /* Release */,
			);
			defaultConfigurationIsVisible = 0;
			defaultConfigurationName = Release;
		};
		DBB105FC1FDF719B00DB4BA0 /* Build configuration list for PBXNativeTarget "RealmDemo_CRUD" */ = {
			isa = XCConfigurationList;
			buildConfigurations = (
				DBB105FD1FDF719B00DB4BA0 /* Debug */,
				DBB105FE1FDF719B00DB4BA0 /* Release */,
			);
			defaultConfigurationIsVisible = 0;
			defaultConfigurationName = Release;
		};
		DBB105FF1FDF719B00DB4BA0 /* Build configuration list for PBXNativeTarget "RealmDemo_CRUDTests" */ = {
			isa = XCConfigurationList;
			buildConfigurations = (
				DBB106001FDF719B00DB4BA0 /* Debug */,
				DBB106011FDF719B00DB4BA0 /* Release */,
			);
			defaultConfigurationIsVisible = 0;
			defaultConfigurationName = Release;
		};
		DBB106021FDF719B00DB4BA0 /* Build configuration list for PBXNativeTarget "RealmDemo_CRUDUITests" */ = {
			isa = XCConfigurationList;
			buildConfigurations = (
				DBB106031FDF719B00DB4BA0 /* Debug */,
				DBB106041FDF719B00DB4BA0 /* Release */,
			);
			defaultConfigurationIsVisible = 0;
			defaultConfigurationName = Release;
		};
/* End XCConfigurationList section */
	};
	rootObject = DBB105CC1FDF719A00DB4BA0 /* Project object */;
}
